
Microsoft Visual Studio Solution File, Format Version 12.00
# Visual Studio 2012
Project("{FAE04EC0-301F-11D3-BF4B-00C04F79EFBC}") = "TestDataGenerator", "TestDataGenerator\TestDataGenerator.csproj", "{0E675957-013B-4BAD-89B3-2810F37C56D6}"
EndProject
Project("{FAE04EC0-301F-11D3-BF4B-00C04F79EFBC}") = "TestDataGenerator.Tests", "TestDataGenerator.Tests\TestDataGenerator.Tests.csproj", "{23D29AE9-56DA-47FF-976E-32F5B6ABDFF7}"
EndProject
Project("{FAE04EC0-301F-11D3-BF4B-00C04F79EFBC}") = "TestDataGenerator.Sample", "TestDataGenerator.Sample\TestDataGenerator.Sample.csproj", "{E1F58EBE-46C8-472F-B27C-653F41553FE4}"
EndProject
Project("{2150E333-8FDC-42A3-9474-1A3956D46DE8}") = ".nuget", ".nuget", "{83BF6D50-1B63-4874-90F8-3876597754BF}"
	ProjectSection(SolutionItems) = preProject
		.nuget\NuGet.Config = .nuget\NuGet.Config
		.nuget\NuGet.exe = .nuget\NuGet.exe
		.nuget\NuGet.targets = .nuget\NuGet.targets
	EndProjectSection
EndProject
Global
	GlobalSection(SolutionConfigurationPlatforms) = preSolution
		Debug|Any CPU = Debug|Any CPU
		Debug|Mixed Platforms = Debug|Mixed Platforms
		Debug|x86 = Debug|x86
		Release|Any CPU = Release|Any CPU
		Release|Mixed Platforms = Release|Mixed Platforms
		Release|x86 = Release|x86
	EndGlobalSection
	GlobalSection(ProjectConfigurationPlatforms) = postSolution
		{0E675957-013B-4BAD-89B3-2810F37C56D6}.Debug|Any CPU.ActiveCfg = Debug|Any CPU
		{0E675957-013B-4BAD-89B3-2810F37C56D6}.Debug|Any CPU.Build.0 = Debug|Any CPU
		{0E675957-013B-4BAD-89B3-2810F37C56D6}.Debug|Mixed Platforms.ActiveCfg = Debug|Any CPU
		{0E675957-013B-4BAD-89B3-2810F37C56D6}.Debug|Mixed Platforms.Build.0 = Debug|Any CPU
		{0E675957-013B-4BAD-89B3-2810F37C56D6}.Debug|x86.ActiveCfg = Debug|Any CPU
		{0E675957-013B-4BAD-89B3-2810F37C56D6}.Release|Any CPU.ActiveCfg = Release|Any CPU
		{0E675957-013B-4BAD-89B3-2810F37C56D6}.Release|Any CPU.Build.0 = Release|Any CPU
		{0E675957-013B-4BAD-89B3-2810F37C56D6}.Release|Mixed Platforms.ActiveCfg = Release|Any CPU
		{0E675957-013B-4BAD-89B3-2810F37C56D6}.Release|Mixed Platforms.Build.0 = Release|Any CPU
		{0E675957-013B-4BAD-89B3-2810F37C56D6}.Release|x86.ActiveCfg = Release|Any CPU
		{23D29AE9-56DA-47FF-976E-32F5B6ABDFF7}.Debug|Any CPU.ActiveCfg = Debug|Any CPU
		{23D29AE9-56DA-47FF-976E-32F5B6ABDFF7}.Debug|Any CPU.Build.0 = Debug|Any CPU
		{23D29AE9-56DA-47FF-976E-32F5B6ABDFF7}.Debug|Mixed Platforms.ActiveCfg = Debug|Any CPU
		{23D29AE9-56DA-47FF-976E-32F5B6ABDFF7}.Debug|Mixed Platforms.Build.0 = Debug|Any CPU
		{23D29AE9-56DA-47FF-976E-32F5B6ABDFF7}.Debug|x86.ActiveCfg = Debug|Any CPU
		{23D29AE9-56DA-47FF-976E-32F5B6ABDFF7}.Release|Any CPU.ActiveCfg = Release|Any CPU
		{23D29AE9-56DA-47FF-976E-32F5B6ABDFF7}.Release|Any CPU.Build.0 = Release|Any CPU
		{23D29AE9-56DA-47FF-976E-32F5B6ABDFF7}.Release|Mixed Platforms.ActiveCfg = Release|Any CPU
		{23D29AE9-56DA-47FF-976E-32F5B6ABDFF7}.Release|Mixed Platforms.Build.0 = Release|Any CPU
		{23D29AE9-56DA-47FF-976E-32F5B6ABDFF7}.Release|x86.ActiveCfg = Release|Any CPU
		{E1F58EBE-46C8-472F-B27C-653F41553FE4}.Debug|Any CPU.ActiveCfg = Debug|x86
		{E1F58EBE-46C8-472F-B27C-653F41553FE4}.Debug|Mixed Platforms.ActiveCfg = Debug|x86
		{E1F58EBE-46C8-472F-B27C-653F41553FE4}.Debug|Mixed Platforms.Build.0 = Debug|x86
		{E1F58EBE-46C8-472F-B27C-653F41553FE4}.Debug|x86.ActiveCfg = Debug|x86
		{E1F58EBE-46C8-472F-B27C-653F41553FE4}.Debug|x86.Build.0 = Debug|x86
		{E1F58EBE-46C8-472F-B27C-653F41553FE4}.Release|Any CPU.ActiveCfg = Release|x86
		{E1F58EBE-46C8-472F-B27C-653F41553FE4}.Release|Mixed Platforms.ActiveCfg = Release|x86
		{E1F58EBE-46C8-472F-B27C-653F41553FE4}.Release|Mixed Platforms.Build.0 = Release|x86
		{E1F58EBE-46C8-472F-B27C-653F41553FE4}.Release|x86.ActiveCfg = Release|x86
		{E1F58EBE-46C8-472F-B27C-653F41553FE4}.Release|x86.Build.0 = Release|x86
	EndGlobalSection
	GlobalSection(SolutionProperties) = preSolution
		HideSolutionNode = FALSE
	EndGlobalSection
EndGlobal
